<?xml version="1.0" encoding="utf-8"?>
<Project ToolsVersion="4.0" xmlns="http://schemas.microsoft.com/developer/msbuild/2003">
  <ItemGroup>
    <ClCompile Include="test.cpp" />
    <ClCompile Include="pch.cpp" />
    <ClCompile Include="main.cpp">
      <Filter>src</Filter>
    </ClCompile>
    <ClCompile Include="MakeFile">
      <Filter>src</Filter>
    </ClCompile>
  </ItemGroup>
  <ItemGroup>
    <ClInclude Include="avl.hpp">
      <Filter>src</Filter>
    </ClInclude>
    <ClInclude Include="set.hpp">
      <Filter>src</Filter>
    </ClInclude>
    <ClInclude Include="array_sequence.hpp">
      <Filter>src</Filter>
    </ClInclude>
    <ClInclude Include="dynamic_array.hpp">
      <Filter>src</Filter>
    </ClInclude>
    <ClInclude Include="Sequence.hpp">
      <Filter>src</Filter>
    </ClInclude>
    <ClInclude Include="Pair.hpp">
      <Filter>src</Filter>
    </ClInclude>
    <ClInclude Include="linked_list.hpp">
      <Filter>src</Filter>
    </ClInclude>
    <ClInclude Include="list_sequence.hpp">
      <Filter>src</Filter>
    </ClInclude>
  </ItemGroup>
  <ItemGroup>
    <Filter Include="src">
      <UniqueIdentifier>{22dc0379-1b7f-454f-b79d-df04690045e2}</UniqueIdentifier>
    </Filter>
  </ItemGroup>
  <ItemGroup>
    <None Include="packages.config" />
  </ItemGroup>
</Project>